PATH
  remote: .
  specs:
    graph_weaver (0.0.2)
      graphql (>= 2)
      sorbet-runtime

GEM
  remote: https://rubygems.org/
  specs:
    base64 (0.3.0)
    benchmark (0.5.0)
    bigdecimal (4.1.2)
    debug (1.11.1)
      irb (~> 1.10)
      reline (>= 0.3.8)
    diff-lcs (1.6.2)
    docile (1.4.1)
    erb (6.0.4)
    erubi (1.13.1)
    faraday (2.14.3)
      faraday-net_http (>= 2.0, < 3.5)
      json
      logger
    faraday-net_http (3.4.4)
      net-http (~> 0.5)
    fiber-storage (1.0.1)
    graphql (2.6.5)
      base64
      fiber-storage
      logger
    io-console (0.8.2)
    irb (1.18.0)
      pp (>= 0.6.0)
      prism (>= 1.3.0)
      rdoc (>= 4.0.0)
      reline (>= 0.4.2)
    json (2.20.0)
    logger (1.7.0)
    net-http (0.9.1)
      uri (>= 0.11.1)
    netrc (0.11.0)
    parallel (2.1.0)
    pp (0.6.4)
      prettyprint
    prettyprint (0.2.0)
    prism (1.9.0)
    rbi (0.3.14)
      prism (~> 1.0)
      rbs (>= 4.0.1)
    rbs (4.0.3)
      logger
      prism (>= 1.6.0)
      tsort
    rdoc (8.0.0)
      erb
      prism (>= 1.6.0)
      rbs (>= 4.0.0)
      tsort
    reline (0.6.3)
      io-console (~> 0.5)
    require-hooks (0.4.0)
    rexml (3.4.4)
    rspec (3.13.2)
      rspec-core (~> 3.13.0)
      rspec-expectations (~> 3.13.0)
      rspec-mocks (~> 3.13.0)
    rspec-core (3.13.6)
      rspec-support (~> 3.13.0)
    rspec-expectations (3.13.5)
      diff-lcs (>= 1.2.0, < 2.0)
      rspec-support (~> 3.13.0)
    rspec-mocks (3.13.8)
      diff-lcs (>= 1.2.0, < 2.0)
      rspec-support (~> 3.13.0)
    rspec-support (3.13.7)
    rubydex (0.2.7-aarch64-linux)
    rubydex (0.2.7-arm64-darwin)
    rubydex (0.2.7-x86_64-darwin)
    rubydex (0.2.7-x86_64-linux)
    simplecov (0.22.0)
      docile (~> 1.1)
      simplecov-html (~> 0.11)
      simplecov_json_formatter (~> 0.1)
    simplecov-html (0.13.2)
    simplecov_json_formatter (0.1.4)
    sorbet (0.6.13327)
      sorbet-static (= 0.6.13327)
    sorbet-runtime (0.6.13327)
    sorbet-static (0.6.13327-aarch64-linux)
    sorbet-static (0.6.13327-universal-darwin)
    sorbet-static (0.6.13327-x86_64-linux)
    sorbet-static-and-runtime (0.6.13327)
      sorbet (= 0.6.13327)
      sorbet-runtime (= 0.6.13327)
    spoom (1.8.3)
      erubi (>= 1.10.0)
      prism (>= 0.28.0)
      rbi (>= 0.3.14)
      rbs (>= 4.0.0.dev.5)
      rexml (>= 3.2.6)
      sorbet-static-and-runtime (>= 0.5.10187)
      thor (>= 0.19.2)
    tapioca (0.19.2)
      benchmark
      bundler (>= 2.2.25)
      netrc (>= 0.11.0)
      parallel (>= 1.21.0)
      rbi (>= 0.3.7)
      require-hooks (>= 0.2.2)
      rubydex (>= 0.1.0.beta10)
      sorbet-static-and-runtime (>= 0.6.12698)
      spoom (>= 1.7.16)
      thor (>= 1.2.0)
      tsort
    thor (1.5.0)
    tsort (0.2.0)
    uri (1.1.1)
    webrick (1.9.2)

PLATFORMS
  aarch64-linux
  arm64-darwin
  universal-darwin
  x86_64-darwin
  x86_64-linux

DEPENDENCIES
  bigdecimal
  debug
  faraday
  graph_weaver!
  rspec
  simplecov
  sorbet
  tapioca
  webrick

CHECKSUMS
  base64 (0.3.0) sha256=27337aeabad6ffae05c265c450490628ef3ebd4b67be58257393227588f5a97b
  benchmark (0.5.0) sha256=465df122341aedcb81a2a24b4d3bd19b6c67c1530713fd533f3ff034e419236c
  bigdecimal (4.1.2) sha256=53d217666027eab4280346fba98e7d5b66baaae1b9c3c1c0ffe89d48188a3fbd
  debug (1.11.1) sha256=2e0b0ac6119f2207a6f8ac7d4a73ca8eb4e440f64da0a3136c30343146e952b6
  diff-lcs (1.6.2) sha256=9ae0d2cba7d4df3075fe8cd8602a8604993efc0dfa934cff568969efb1909962
  docile (1.4.1) sha256=96159be799bfa73cdb721b840e9802126e4e03dfc26863db73647204c727f21e
  erb (6.0.4) sha256=38e3803694be357fe2bfe312487c74beaf9fb4e5beb3e22498952fe1645b95d9
  erubi (1.13.1) sha256=a082103b0885dbc5ecf1172fede897f9ebdb745a4b97a5e8dc63953db1ee4ad9
  faraday (2.14.3) sha256=1882247e6766615c8220b4392bf1d27f6ebb63d8e28267587cef1fb0bf37f278
  faraday-net_http (3.4.4) sha256=0e78af151747ed1b00f33e25973b4bc220d7f16c00c39676817c8b12331eb588
  fiber-storage (1.0.1) sha256=f48e5b6d8b0be96dac486332b55cee82240057065dc761c1ea692b2e719240e1
  graph_weaver (0.0.2)
  graphql (2.6.5) sha256=1051825bfb4aedb4293cdbcd9726c3150e69e3512556609a32c2ca19d4be3d00
  io-console (0.8.2) sha256=d6e3ae7a7cc7574f4b8893b4fca2162e57a825b223a177b7afa236c5ef9814cc
  irb (1.18.0) sha256=de9454a0703a54704b9811a5ef31a60c86949fbf4013fcf244fabc7c775248e3
  json (2.20.0) sha256=9362bc6e55a952b056abf9167cf053358181c904cb70cd6eee0808ea830fc32b
  logger (1.7.0) sha256=196edec7cc44b66cfb40f9755ce11b392f21f7967696af15d274dde7edff0203
  net-http (0.9.1) sha256=25ba0b67c63e89df626ed8fac771d0ad24ad151a858af2cc8e6a716ca4336996
  netrc (0.11.0) sha256=de1ce33da8c99ab1d97871726cba75151113f117146becbe45aa85cb3dabee3f
  parallel (2.1.0) sha256=b35258865c2e31134c5ecb708beaaf6772adf9d5efae28e93e99260877b09356
  pp (0.6.4) sha256=dfcb0fce700c41456265922884f9fe195d7fbb0674a3578e6c0f69588e82b570
  prettyprint (0.2.0) sha256=2bc9e15581a94742064a3cc8b0fb9d45aae3d03a1baa6ef80922627a0766f193
  prism (1.9.0) sha256=7b530c6a9f92c24300014919c9dcbc055bf4cdf51ec30aed099b06cd6674ef85
  rbi (0.3.14) sha256=932ed904adbb5ca645c285c8b36da1b7ff6321ec1870d187d6325248cb637658
  rbs (4.0.3) sha256=5a7bf70e2628549d9a1f44eae447b2cfe55968a9c60cfff52693a4bdcc020e14
  rdoc (8.0.0) sha256=03bf8c08a9639658855a0cfd77c0abca8325c227693f7f33f82957811348c469
  reline (0.6.3) sha256=1198b04973565b36ec0f11542ab3f5cfeeec34823f4e54cebde90968092b1835
  require-hooks (0.4.0) sha256=005f4c6435b4edae73e358cdbaba48370a4121f9ce893d5d2a3c66fce855677d
  rexml (3.4.4) sha256=19e0a2c3425dfbf2d4fc1189747bdb2f849b6c5e74180401b15734bc97b5d142
  rspec (3.13.2) sha256=206284a08ad798e61f86d7ca3e376718d52c0bc944626b2349266f239f820587
  rspec-core (3.13.6) sha256=a8823c6411667b60a8bca135364351dda34cd55e44ff94c4be4633b37d828b2d
  rspec-expectations (3.13.5) sha256=33a4d3a1d95060aea4c94e9f237030a8f9eae5615e9bd85718fe3a09e4b58836
  rspec-mocks (3.13.8) sha256=086ad3d3d17533f4237643de0b5c42f04b66348c28bf6b9c2d3f4a3b01af1d47
  rspec-support (3.13.7) sha256=0640e5570872aafefd79867901deeeeb40b0c9875a36b983d85f54fb7381c47c
  rubydex (0.2.7-aarch64-linux) sha256=9a016039f7e94e55cd812e073d310de7effcce4cac560edd1185e1ce6b5b4eb0
  rubydex (0.2.7-arm64-darwin) sha256=f0d28bbf4153568be79b671642424750053e0bea971b60ddf5cec19bf4563990
  rubydex (0.2.7-x86_64-darwin) sha256=b002b259d118ac69de44470eff1597143318402c45630c47371f9542631447dc
  rubydex (0.2.7-x86_64-linux) sha256=dacfade9fa42ce4469618da6dac07e69d5f3ac6a313b4caced5234c8f052419a
  simplecov (0.22.0) sha256=fe2622c7834ff23b98066bb0a854284b2729a569ac659f82621fc22ef36213a5
  simplecov-html (0.13.2) sha256=bd0b8e54e7c2d7685927e8d6286466359b6f16b18cb0df47b508e8d73c777246
  simplecov_json_formatter (0.1.4) sha256=529418fbe8de1713ac2b2d612aa3daa56d316975d307244399fa4838c601b428
  sorbet (0.6.13327) sha256=4b56cb04542661c6bf5075f1ca38ca00506045325fd689f460aee8466dd3d7a3
  sorbet-runtime (0.6.13327) sha256=86f32b2df6d266bf5c0e0eb8ea81d0376ba36eece4c8610938174e403222948d
  sorbet-static (0.6.13327-aarch64-linux) sha256=da8a575785d34641095631c50fe1d1f645ee8782c8e2aa5a0ecfd12d1fa22a8a
  sorbet-static (0.6.13327-universal-darwin) sha256=a2a8c6b624aada3f6ef68852398de756248f71b3ea691119873515847010dcda
  sorbet-static (0.6.13327-x86_64-linux) sha256=f3a915bab4af1979145c793a08d3b1db207526d5e2f332513da10a95e70f9028
  sorbet-static-and-runtime (0.6.13327) sha256=7b039be023b6a7d2d17b1f751191f32307d9ace4170b6a192bb0e005d222e00e
  spoom (1.8.3) sha256=32871fa189bbfa49cf557a50f819f23cc9a6ceefd0346caa7a6adc193becd5dd
  tapioca (0.19.2) sha256=938731b07811aee8d23871b1aee8861d464fbaf2cfffbf79a62b0c869a5120ec
  thor (1.5.0) sha256=e3a9e55fe857e44859ce104a84675ab6e8cd59c650a49106a05f55f136425e73
  tsort (0.2.0) sha256=9650a793f6859a43b6641671278f79cfead60ac714148aabe4e3f0060480089f
  uri (1.1.1) sha256=379fa58d27ffb1387eaada68c749d1426738bd0f654d812fcc07e7568f5c57c6
  webrick (1.9.2) sha256=beb4a15fc474defed24a3bda4ffd88a490d517c9e4e6118c3edce59e45864131

BUNDLED WITH
  4.0.10
